
Microsoft Visual Studio Solution File, Format Version 12.00
# Visual Studio Version 16
VisualStudioVersion = 16.0.31321.278
MinimumVisualStudioVersion = 10.0.40219.1
Project("{9A19103F-16F7-4668-BE54-9A1E7A4F7556}") = "WidgetWebApp", "WidgetWebApp\WidgetWebApp.csproj", "{DB1B5E36-4B56-4980-AC21-3E140C788056}"
EndProject
Global
	GlobalSection(SolutionConfigurationPlatforms) = preSolution
		Debug|Any CPU = Debug|Any CPU
		Release|Any CPU = Release|Any CPU
	EndGlobalSection
	GlobalSection(ProjectConfigurationPlatforms) = postSolution
		{DB1B5E36-4B56-4980-AC21-3E140C788056}.Debug|Any CPU.ActiveCfg = Debug|Any CPU
		{DB1B5E36-4B56-4980-AC21-3E140C788056}.Debug|Any CPU.Build.0 = Debug|Any CPU
		{DB1B5E36-4B56-4980-AC21-3E140C788056}.Release|Any CPU.ActiveCfg = Release|Any CPU
		{DB1B5E36-4B56-4980-AC21-3E140C788056}.Release|Any CPU.Build.0 = Release|Any CPU
	EndGlobalSection
	GlobalSection(SolutionProperties) = preSolution
		HideSolutionNode = FALSE
	EndGlobalSection
	GlobalSection(ExtensibilityGlobals) = postSolution
		SolutionGuid = {D94E5877-330F-4648-8ACD-95847AADF736}
	EndGlobalSection
EndGlobal
